
Microsoft Visual Studio Solution File, Format Version 12.00
# Visual Studio Version 16
VisualStudioVersion = 16.0.29519.87
MinimumVisualStudioVersion = 10.0.40219.1
Project("{FAE04EC0-301F-11D3-BF4B-00C04F79EFBC}") = "WS-control-escolar", "WS-control-escolar\WS-control-escolar.csproj", "{040064CB-123F-4635-97DB-FCED76BEA945}"
EndProject
Global
	GlobalSection(SolutionConfigurationPlatforms) = preSolution
		Debug|Any CPU = Debug|Any CPU
		Release|Any CPU = Release|Any CPU
	EndGlobalSection
	GlobalSection(ProjectConfigurationPlatforms) = postSolution
		{040064CB-123F-4635-97DB-FCED76BEA945}.Debug|Any CPU.ActiveCfg = Debug|Any CPU
		{040064CB-123F-4635-97DB-FCED76BEA945}.Debug|Any CPU.Build.0 = Debug|Any CPU
		{040064CB-123F-4635-97DB-FCED76BEA945}.Release|Any CPU.ActiveCfg = Release|Any CPU
		{040064CB-123F-4635-97DB-FCED76BEA945}.Release|Any CPU.Build.0 = Release|Any CPU
	EndGlobalSection
	GlobalSection(SolutionProperties) = preSolution
		HideSolutionNode = FALSE
	EndGlobalSection
	GlobalSection(ExtensibilityGlobals) = postSolution
		SolutionGuid = {E57CA9A1-4A21-43C8-B687-EF5EA0179733}
	EndGlobalSection
EndGlobal
